
Microsoft Visual Studio Solution File, Format Version 12.00
# Visual Studio Version 17
VisualStudioVersion = 17.8.34309.116
MinimumVisualStudioVersion = 10.0.40219.1
Project("{9A19103F-16F7-4668-BE54-9A1E7A4F7556}") = "APIUserValidation", "WebAPIUserValidation\APIUserValidation.csproj", "{10F11991-A879-4E7F-8A39-00EEA5F0C275}"
EndProject
Project("{9A19103F-16F7-4668-BE54-9A1E7A4F7556}") = "ApiUserValidation.Data", "DataAccess\ApiUserValidation.Data.csproj", "{5C251AE2-7C69-4692-96F6-6451C739E52E}"
EndProject
Project("{9A19103F-16F7-4668-BE54-9A1E7A4F7556}") = "ApiUserValidation.Models", "Models\ApiUserValidation.Models.csproj", "{4A2CF7EB-012A-4961-A9BD-7DC5EC4886E0}"
EndProject
Project("{FAE04EC0-301F-11D3-BF4B-00C04F79EFBC}") = "ApiUserValidation.Services", "ApiUserValidation.Services\ApiUserValidation.Services.csproj", "{73898757-516C-48B7-8450-6C3159683AF8}"
EndProject
Global
	GlobalSection(SolutionConfigurationPlatforms) = preSolution
		Debug|Any CPU = Debug|Any CPU
		Release|Any CPU = Release|Any CPU
	EndGlobalSection
	GlobalSection(ProjectConfigurationPlatforms) = postSolution
		{10F11991-A879-4E7F-8A39-00EEA5F0C275}.Debug|Any CPU.ActiveCfg = Debug|Any CPU
		{10F11991-A879-4E7F-8A39-00EEA5F0C275}.Debug|Any CPU.Build.0 = Debug|Any CPU
		{10F11991-A879-4E7F-8A39-00EEA5F0C275}.Release|Any CPU.ActiveCfg = Release|Any CPU
		{10F11991-A879-4E7F-8A39-00EEA5F0C275}.Release|Any CPU.Build.0 = Release|Any CPU
		{5C251AE2-7C69-4692-96F6-6451C739E52E}.Debug|Any CPU.ActiveCfg = Debug|Any CPU
		{5C251AE2-7C69-4692-96F6-6451C739E52E}.Debug|Any CPU.Build.0 = Debug|Any CPU
		{5C251AE2-7C69-4692-96F6-6451C739E52E}.Release|Any CPU.ActiveCfg = Release|Any CPU
		{5C251AE2-7C69-4692-96F6-6451C739E52E}.Release|Any CPU.Build.0 = Release|Any CPU
		{4A2CF7EB-012A-4961-A9BD-7DC5EC4886E0}.Debug|Any CPU.ActiveCfg = Debug|Any CPU
		{4A2CF7EB-012A-4961-A9BD-7DC5EC4886E0}.Debug|Any CPU.Build.0 = Debug|Any CPU
		{4A2CF7EB-012A-4961-A9BD-7DC5EC4886E0}.Release|Any CPU.ActiveCfg = Release|Any CPU
		{4A2CF7EB-012A-4961-A9BD-7DC5EC4886E0}.Release|Any CPU.Build.0 = Release|Any CPU
		{73898757-516C-48B7-8450-6C3159683AF8}.Debug|Any CPU.ActiveCfg = Debug|Any CPU
		{73898757-516C-48B7-8450-6C3159683AF8}.Debug|Any CPU.Build.0 = Debug|Any CPU
		{73898757-516C-48B7-8450-6C3159683AF8}.Release|Any CPU.ActiveCfg = Release|Any CPU
		{73898757-516C-48B7-8450-6C3159683AF8}.Release|Any CPU.Build.0 = Release|Any CPU
	EndGlobalSection
	GlobalSection(SolutionProperties) = preSolution
		HideSolutionNode = FALSE
	EndGlobalSection
	GlobalSection(ExtensibilityGlobals) = postSolution
		SolutionGuid = {28F4DEDE-5C37-48DF-B1AA-2573A44E9EA0}
	EndGlobalSection
EndGlobal
